
Microsoft Visual Studio Solution File, Format Version 12.00
# Visual Studio Version 16
VisualStudioVersion = 16.0.31624.102
MinimumVisualStudioVersion = 10.0.40219.1
Project("{FAE04EC0-301F-11D3-BF4B-00C04F79EFBC}") = "Cinema.API", "Cinema.API\Cinema.API.csproj", "{BE278728-524A-477C-BD28-015F42FBC073}"
EndProject
Project("{FAE04EC0-301F-11D3-BF4B-00C04F79EFBC}") = "Cinema.DB", "Cinema.DB\Cinema.DB.csproj", "{D4DB3452-F973-414E-9708-DA3AED99D36E}"
EndProject
Global
	GlobalSection(SolutionConfigurationPlatforms) = preSolution
		Debug|Any CPU = Debug|Any CPU
		Release|Any CPU = Release|Any CPU
	EndGlobalSection
	GlobalSection(ProjectConfigurationPlatforms) = postSolution
		{BE278728-524A-477C-BD28-015F42FBC073}.Debug|Any CPU.ActiveCfg = Debug|Any CPU
		{BE278728-524A-477C-BD28-015F42FBC073}.Debug|Any CPU.Build.0 = Debug|Any CPU
		{BE278728-524A-477C-BD28-015F42FBC073}.Release|Any CPU.ActiveCfg = Release|Any CPU
		{BE278728-524A-477C-BD28-015F42FBC073}.Release|Any CPU.Build.0 = Release|Any CPU
		{D4DB3452-F973-414E-9708-DA3AED99D36E}.Debug|Any CPU.ActiveCfg = Debug|Any CPU
		{D4DB3452-F973-414E-9708-DA3AED99D36E}.Debug|Any CPU.Build.0 = Debug|Any CPU
		{D4DB3452-F973-414E-9708-DA3AED99D36E}.Release|Any CPU.ActiveCfg = Release|Any CPU
		{D4DB3452-F973-414E-9708-DA3AED99D36E}.Release|Any CPU.Build.0 = Release|Any CPU
	EndGlobalSection
	GlobalSection(SolutionProperties) = preSolution
		HideSolutionNode = FALSE
	EndGlobalSection
	GlobalSection(ExtensibilityGlobals) = postSolution
		SolutionGuid = {19DEA671-E360-45B8-88AB-81154E3BDECE}
	EndGlobalSection
EndGlobal
